
Microsoft Visual Studio Solution File, Format Version 12.00
# Visual Studio Version 17
VisualStudioVersion = 17.4.33213.308
MinimumVisualStudioVersion = 10.0.40219.1
Project("{FAE04EC0-301F-11D3-BF4B-00C04F79EFBC}") = "TarefasFIESC", "TarefasFIESC\TarefasFIESC.csproj", "{DFCD0125-52C4-4D56-BE41-2BE132081725}"
EndProject
Global
	GlobalSection(SolutionConfigurationPlatforms) = preSolution
		Debug|Any CPU = Debug|Any CPU
		Release|Any CPU = Release|Any CPU
	EndGlobalSection
	GlobalSection(ProjectConfigurationPlatforms) = postSolution
		{DFCD0125-52C4-4D56-BE41-2BE132081725}.Debug|Any CPU.ActiveCfg = Debug|Any CPU
		{DFCD0125-52C4-4D56-BE41-2BE132081725}.Debug|Any CPU.Build.0 = Debug|Any CPU
		{DFCD0125-52C4-4D56-BE41-2BE132081725}.Release|Any CPU.ActiveCfg = Release|Any CPU
		{DFCD0125-52C4-4D56-BE41-2BE132081725}.Release|Any CPU.Build.0 = Release|Any CPU
	EndGlobalSection
	GlobalSection(SolutionProperties) = preSolution
		HideSolutionNode = FALSE
	EndGlobalSection
	GlobalSection(ExtensibilityGlobals) = postSolution
		SolutionGuid = {F1F747C5-420A-474E-919A-22E6A5DA4C65}
	EndGlobalSection
EndGlobal
